
Microsoft Visual Studio Solution File, Format Version 12.00
# Visual Studio Version 17
VisualStudioVersion = 17.1.32407.343
MinimumVisualStudioVersion = 10.0.40219.1
Project("{2150E333-8FDC-42A3-9474-1A3956D46DE8}") = "DLL", "DLL", "{58EC0D04-15AD-46AB-BE9C-1B871F4BCD1A}"
	ProjectSection(SolutionItems) = preProject
		Dll\Mirle.ASRS.Close.Program.exe = Dll\Mirle.ASRS.Close.Program.exe
	EndProjectSection
EndProject
Project("{FAE04EC0-301F-11D3-BF4B-00C04F79EFBC}") = "Mirle.Structure", "Mirle.Structure\Mirle.Structure.csproj", "{0A0D222E-0C76-4838-A8B1-6CA6F26CB225}"
EndProject
Project("{FAE04EC0-301F-11D3-BF4B-00C04F79EFBC}") = "Mirle.ASRS.WCS", "Mirle.ASRS.WCS\Mirle.ASRS.WCS.csproj", "{448A3C3E-39FD-49FF-B6D7-2D0D9E61AA49}"
EndProject
Project("{2150E333-8FDC-42A3-9474-1A3956D46DE8}") = "Document", "Document", "{ED74361A-6803-44DE-9457-391F772DE32F}"
EndProject
Project("{FAE04EC0-301F-11D3-BF4B-00C04F79EFBC}") = "Mirle.DB.Fun", "Mirle.DB.Fun\Mirle.DB.Fun.csproj", "{C40166B0-0F5D-4535-94A7-699764A59A83}"
EndProject
Project("{FAE04EC0-301F-11D3-BF4B-00C04F79EFBC}") = "Mirle.Def", "Mirle.Def\Mirle.Def.csproj", "{906DA4EE-6B8D-40C7-BD49-A410FEB1D2C8}"
EndProject
Project("{FAE04EC0-301F-11D3-BF4B-00C04F79EFBC}") = "Mirle.DB.Proc", "Mirle.DB.Proc\Mirle.DB.Proc.csproj", "{60C72719-D780-4BC8-9198-FC21C9754918}"
EndProject
Project("{2150E333-8FDC-42A3-9474-1A3956D46DE8}") = "icon", "icon", "{C353B695-42ED-49BD-A6B4-47E66ACE0E66}"
	ProjectSection(SolutionItems) = preProject
		Dll\icon\Bottom.ico = Dll\icon\Bottom.ico
		Dll\icon\Left.ico = Dll\icon\Left.ico
		Dll\icon\offline.jpg = Dll\icon\offline.jpg
		Dll\icon\online.jpg = Dll\icon\online.jpg
		Dll\icon\Right.ico = Dll\icon\Right.ico
		Dll\icon\Top.ico = Dll\icon\Top.ico
		Dll\icon\x.png = Dll\icon\x.png
	EndProjectSection
EndProject
Project("{2150E333-8FDC-42A3-9474-1A3956D46DE8}") = "通訊協定", "通訊協定", "{BA8754F1-4ACF-4C28-A8B3-4516C3637C36}"
	ProjectSection(SolutionItems) = preProject
		Document\通訊協定\Mirle_STKC_PLC_Communication_SPEC_v4.11_20191016__(for_Twin_fork).xls = Document\通訊協定\Mirle_STKC_PLC_Communication_SPEC_v4.11_20191016__(for_Twin_fork).xls
	EndProjectSection
EndProject
Project("{2150E333-8FDC-42A3-9474-1A3956D46DE8}") = "CV", "CV", "{A25673E1-1CD4-4AEB-8B32-BF0690C70BCE}"
	ProjectSection(SolutionItems) = preProject
		Document\通訊協定\CV\台中美光N2 ASRS週邊輸送機通訊協定-V 1.0.0.xlsx = Document\通訊協定\CV\台中美光N2 ASRS週邊輸送機通訊協定-V 1.0.0.xlsx
		Document\通訊協定\CV\台中美光N2 ASRS週邊輸送機通訊協定-V 1.0.1.xlsx = Document\通訊協定\CV\台中美光N2 ASRS週邊輸送機通訊協定-V 1.0.1.xlsx
		Document\通訊協定\CV\台中美光N2 ASRS週邊輸送機通訊協定-V 1.0.2.xlsx = Document\通訊協定\CV\台中美光N2 ASRS週邊輸送機通訊協定-V 1.0.2.xlsx
		Document\通訊協定\CV\台中美光N2 ASRS週邊輸送機通訊協定-V 1.0.3.xlsx = Document\通訊協定\CV\台中美光N2 ASRS週邊輸送機通訊協定-V 1.0.3.xlsx
		Document\通訊協定\CV\台中美光N2_ASRS週邊輸送機通訊協定-V_1.0.4.xlsx = Document\通訊協定\CV\台中美光N2_ASRS週邊輸送機通訊協定-V_1.0.4.xlsx
		Document\通訊協定\CV\台中美光N2_ASRS週邊輸送機通訊協定-V_1.0.5.xlsx = Document\通訊協定\CV\台中美光N2_ASRS週邊輸送機通訊協定-V_1.0.5.xlsx
		Document\通訊協定\CV\台中美光N2_ASRS週邊輸送機通訊協定-V_1.0.6.xlsx = Document\通訊協定\CV\台中美光N2_ASRS週邊輸送機通訊協定-V_1.0.6.xlsx
		Document\通訊協定\CV\台中美光N2_ASRS週邊輸送機通訊協定-V_1.0.7.xlsx = Document\通訊協定\CV\台中美光N2_ASRS週邊輸送機通訊協定-V_1.0.7.xlsx
		Document\通訊協定\CV\台中美光N2_ASRS週邊輸送機通訊協定-V_1.0.8.xlsx = Document\通訊協定\CV\台中美光N2_ASRS週邊輸送機通訊協定-V_1.0.8.xlsx
		Document\通訊協定\CV\台中美光N2_ASRS週邊輸送機通訊協定-V_1.0.9.xlsx = Document\通訊協定\CV\台中美光N2_ASRS週邊輸送機通訊協定-V_1.0.9.xlsx
	EndProjectSection
EndProject
Project("{FAE04EC0-301F-11D3-BF4B-00C04F79EFBC}") = "Mirle.Gird", "Mirle.Gird\Mirle.Gird.csproj", "{8AB5FAC9-7CC2-4EEC-B583-39778E66CE1F}"
EndProject
Project("{FAE04EC0-301F-11D3-BF4B-00C04F79EFBC}") = "Mirle.WriLog", "Mirle.Log\Mirle.WriLog.csproj", "{FCB3BFDE-2247-4AA4-A652-F87C081B63FC}"
EndProject
Project("{FAE04EC0-301F-11D3-BF4B-00C04F79EFBC}") = "Mirle.DB.Object", "Mirle.DB.Object\Mirle.DB.Object.csproj", "{25DDA85B-35BE-429D-81B4-025731C0E826}"
EndProject
Project("{2150E333-8FDC-42A3-9474-1A3956D46DE8}") = "WMS_API", "WMS_API", "{89A1858C-54E8-411C-BD15-838E63B79D2E}"
	ProjectSection(SolutionItems) = preProject
		Document\WMS_API\ASRS-WMS接口_V6.docx = Document\WMS_API\ASRS-WMS接口_V6.docx
		Document\WMS_API\ASRS-WMS接口文档_V10.docx = Document\WMS_API\ASRS-WMS接口文档_V10.docx
		Document\WMS_API\ASRS-WMS接口文档_V11.docx = Document\WMS_API\ASRS-WMS接口文档_V11.docx
		Document\WMS_API\ASRS-WMS接口文档_V12.docx = Document\WMS_API\ASRS-WMS接口文档_V12.docx
		Document\WMS_API\ASRS-WMS接口文档_V13.docx = Document\WMS_API\ASRS-WMS接口文档_V13.docx
		Document\WMS_API\ASRS-WMS接口文档_V14.docx = Document\WMS_API\ASRS-WMS接口文档_V14.docx
		Document\WMS_API\ASRS-WMS接口文档_V15.docx = Document\WMS_API\ASRS-WMS接口文档_V15.docx
		Document\WMS_API\ASRS-WMS接口文档_V18.docx = Document\WMS_API\ASRS-WMS接口文档_V18.docx
		Document\WMS_API\ASRS-WMS接口文档_V19.docx = Document\WMS_API\ASRS-WMS接口文档_V19.docx
		Document\WMS_API\ASRS-WMS接口文档_V7.docx = Document\WMS_API\ASRS-WMS接口文档_V7.docx
		Document\WMS_API\ASRS-WMS接口文档_V8.docx = Document\WMS_API\ASRS-WMS接口文档_V8.docx
		Document\WMS_API\ASRS-WMS接口文档_V9.docx = Document\WMS_API\ASRS-WMS接口文档_V9.docx
	EndProjectSection
EndProject
Project("{2150E333-8FDC-42A3-9474-1A3956D46DE8}") = "資料庫", "資料庫", "{6B24182F-50FD-4798-9B84-75B56B256412}"
EndProject
Project("{2150E333-8FDC-42A3-9474-1A3956D46DE8}") = "Script", "Script", "{B39A2A19-ECEA-4F35-8579-7C0CBA88522A}"
	ProjectSection(SolutionItems) = preProject
		Document\資料庫\Script\AlarmDef.sql = Document\資料庫\Script\AlarmDef.sql
		Document\資料庫\Script\Delete_wms_Location_Script.sql = Document\資料庫\Script\Delete_wms_Location_Script.sql
		Document\資料庫\Script\r_wms_location_Script.sql = Document\資料庫\Script\r_wms_location_Script.sql
		Document\資料庫\Script\Sqlite_Table_Create_Script.sql = Document\資料庫\Script\Sqlite_Table_Create_Script.sql
		Document\資料庫\Script\Table_ASRS_Create_Script_V1.txt = Document\資料庫\Script\Table_ASRS_Create_Script_V1.txt
		Document\資料庫\Script\Table_Initial.sql = Document\資料庫\Script\Table_Initial.sql
	EndProjectSection
EndProject
Project("{2150E333-8FDC-42A3-9474-1A3956D46DE8}") = "Filelayout", "Filelayout", "{34B8B110-C095-4F3C-9AFB-4E6547134632}"
	ProjectSection(SolutionItems) = preProject
		Document\資料庫\Filelayout\美光_ASRS_FileLayOut_v1.0.1.doc = Document\資料庫\Filelayout\美光_ASRS_FileLayOut_v1.0.1.doc
		Document\資料庫\Filelayout\美光_ASRS_FileLayOut_v1.0.doc = Document\資料庫\Filelayout\美光_ASRS_FileLayOut_v1.0.doc
	EndProjectSection
EndProject
Project("{FAE04EC0-301F-11D3-BF4B-00C04F79EFBC}") = "Mirle.DB.WMS.Proc", "Mirle.DB.WMS.Proc\Mirle.DB.WMS.Proc.csproj", "{553BD8CF-F4C1-4B39-97AB-42CC2F7C8187}"
EndProject
Project("{FAE04EC0-301F-11D3-BF4B-00C04F79EFBC}") = "Mirle.DB.WMS.Fun", "Mirle.DB.WMS.Fun\Mirle.DB.WMS.Fun.csproj", "{AD4818FF-FEFA-48F2-A7FE-F1007D3CFBBC}"
EndProject
Project("{FAE04EC0-301F-11D3-BF4B-00C04F79EFBC}") = "apiTest", "apiTest\apiTest.csproj", "{5D479B0E-A1C2-4DCA-B951-EEC4838042AB}"
EndProject
Project("{FAE04EC0-301F-11D3-BF4B-00C04F79EFBC}") = "Mirle.DB.ClearCmd.Proc", "Mirle.DB.ClearCmd.Proc\Mirle.DB.ClearCmd.Proc.csproj", "{31DEB747-36CA-4A92-8DF1-89EEE47A0FA4}"
EndProject
Project("{2150E333-8FDC-42A3-9474-1A3956D46DE8}") = "UnitTest", "UnitTest", "{3F649014-F98E-482A-A2FF-DBC662716BED}"
EndProject
Project("{FAE04EC0-301F-11D3-BF4B-00C04F79EFBC}") = "APISendTest", "UnitTest\APISendTest\APISendTest.csproj", "{32376421-A5BC-4941-AB66-D845B17B763D}"
EndProject
Project("{FAE04EC0-301F-11D3-BF4B-00C04F79EFBC}") = "MPLCViewer", "MPLCViewer\MPLCViewer.csproj", "{D5EE9CA4-EB44-44D5-8F5E-0DD4FA871856}"
EndProject
Project("{FAE04EC0-301F-11D3-BF4B-00C04F79EFBC}") = "Mirle.LiteOn.V2BYMA30", "Mirle.LiteOn.V2BYMA30\Mirle.LiteOn.V2BYMA30.csproj", "{BABA9F79-55F0-4541-824B-06D869758189}"
EndProject
Project("{FAE04EC0-301F-11D3-BF4B-00C04F79EFBC}") = "Mirle.ASRS.Conveyor.V2BYMA30_8F", "Mirle.ASRS.Conveyor.V2BYMA30_8F\Mirle.ASRS.Conveyor.V2BYMA30_8F.csproj", "{FEC99299-6E23-4D5A-ABEC-576675DADC88}"
EndProject
Project("{FAE04EC0-301F-11D3-BF4B-00C04F79EFBC}") = "Mirle.ASRS.Conveyor.V2BYMA30.Elevator", "Mirle.ASRS.Conveyor.V2BYMA30.Elevator\Mirle.ASRS.Conveyor.V2BYMA30.Elevator.csproj", "{F8907550-DB44-4C9E-B3F4-539878AA6895}"
EndProject
Project("{FAE04EC0-301F-11D3-BF4B-00C04F79EFBC}") = "Mirle.Def.V2BYMA30", "Mirle.Def.V2BYMA30\Mirle.Def.V2BYMA30.csproj", "{7D455C80-637B-4BDA-8F68-AE2EB3C172D1}"
EndProject
Project("{FAE04EC0-301F-11D3-BF4B-00C04F79EFBC}") = "Mirle.Grid.V2BYMA30", "Mirle.Grid.V2BYMA30\Mirle.Grid.V2BYMA30.csproj", "{B88AD651-3E7D-4E1D-B1EF-CFAF4DACB484}"
EndProject
Project("{FAE04EC0-301F-11D3-BF4B-00C04F79EFBC}") = "Mirle.WebAPI.V2BYMA30", "Mirle.WebAPI.V2BYMA30\Mirle.WebAPI.V2BYMA30.csproj", "{41207533-EEEB-4786-B1CB-D2AF76A79EDC}"
EndProject
Project("{FAE04EC0-301F-11D3-BF4B-00C04F79EFBC}") = "Mirle.WebAPI.Event.V2BYMA30", "Mirle.WebAPI.Event.V2BYMA30\Mirle.WebAPI.Event.V2BYMA30.csproj", "{B62E80FA-0600-4CB0-913D-EC0F4484F470}"
EndProject
Project("{FAE04EC0-301F-11D3-BF4B-00C04F79EFBC}") = "Mirle.ASRS.Conveyor.V2BYMA30_10F", "Mirle.ASRS.Conveyor.V2BYMA30_10F\Mirle.ASRS.Conveyor.V2BYMA30_10F.csproj", "{EC498AFB-E489-45F8-B1C5-1A987C14AF88}"
EndProject
Project("{FAE04EC0-301F-11D3-BF4B-00C04F79EFBC}") = "Mirle.OpcClient", "Mirle.OpcClient\Mirle.OpcClient.csproj", "{69594E88-1DBB-4F38-A09F-19AEB3AE0D8D}"
EndProject
Global
	GlobalSection(SolutionConfigurationPlatforms) = preSolution
		Debug|Any CPU = Debug|Any CPU
		R0K5M320|Any CPU = R0K5M320|Any CPU
		Release|Any CPU = Release|Any CPU
	EndGlobalSection
	GlobalSection(ProjectConfigurationPlatforms) = postSolution
		{0A0D222E-0C76-4838-A8B1-6CA6F26CB225}.Debug|Any CPU.ActiveCfg = Debug|Any CPU
		{0A0D222E-0C76-4838-A8B1-6CA6F26CB225}.Debug|Any CPU.Build.0 = Debug|Any CPU
		{0A0D222E-0C76-4838-A8B1-6CA6F26CB225}.R0K5M320|Any CPU.ActiveCfg = Release|Any CPU
		{0A0D222E-0C76-4838-A8B1-6CA6F26CB225}.R0K5M320|Any CPU.Build.0 = Release|Any CPU
		{0A0D222E-0C76-4838-A8B1-6CA6F26CB225}.Release|Any CPU.ActiveCfg = Release|Any CPU
		{0A0D222E-0C76-4838-A8B1-6CA6F26CB225}.Release|Any CPU.Build.0 = Release|Any CPU
		{448A3C3E-39FD-49FF-B6D7-2D0D9E61AA49}.Debug|Any CPU.ActiveCfg = Debug|Any CPU
		{448A3C3E-39FD-49FF-B6D7-2D0D9E61AA49}.Debug|Any CPU.Build.0 = Debug|Any CPU
		{448A3C3E-39FD-49FF-B6D7-2D0D9E61AA49}.R0K5M320|Any CPU.ActiveCfg = Release|Any CPU
		{448A3C3E-39FD-49FF-B6D7-2D0D9E61AA49}.R0K5M320|Any CPU.Build.0 = Release|Any CPU
		{448A3C3E-39FD-49FF-B6D7-2D0D9E61AA49}.Release|Any CPU.ActiveCfg = Release|Any CPU
		{448A3C3E-39FD-49FF-B6D7-2D0D9E61AA49}.Release|Any CPU.Build.0 = Release|Any CPU
		{C40166B0-0F5D-4535-94A7-699764A59A83}.Debug|Any CPU.ActiveCfg = Debug|Any CPU
		{C40166B0-0F5D-4535-94A7-699764A59A83}.Debug|Any CPU.Build.0 = Debug|Any CPU
		{C40166B0-0F5D-4535-94A7-699764A59A83}.R0K5M320|Any CPU.ActiveCfg = Release|Any CPU
		{C40166B0-0F5D-4535-94A7-699764A59A83}.R0K5M320|Any CPU.Build.0 = Release|Any CPU
		{C40166B0-0F5D-4535-94A7-699764A59A83}.Release|Any CPU.ActiveCfg = Release|Any CPU
		{C40166B0-0F5D-4535-94A7-699764A59A83}.Release|Any CPU.Build.0 = Release|Any CPU
		{906DA4EE-6B8D-40C7-BD49-A410FEB1D2C8}.Debug|Any CPU.ActiveCfg = Debug|Any CPU
		{906DA4EE-6B8D-40C7-BD49-A410FEB1D2C8}.Debug|Any CPU.Build.0 = Debug|Any CPU
		{906DA4EE-6B8D-40C7-BD49-A410FEB1D2C8}.R0K5M320|Any CPU.ActiveCfg = Release|Any CPU
		{906DA4EE-6B8D-40C7-BD49-A410FEB1D2C8}.R0K5M320|Any CPU.Build.0 = Release|Any CPU
		{906DA4EE-6B8D-40C7-BD49-A410FEB1D2C8}.Release|Any CPU.ActiveCfg = Release|Any CPU
		{906DA4EE-6B8D-40C7-BD49-A410FEB1D2C8}.Release|Any CPU.Build.0 = Release|Any CPU
		{60C72719-D780-4BC8-9198-FC21C9754918}.Debug|Any CPU.ActiveCfg = Debug|Any CPU
		{60C72719-D780-4BC8-9198-FC21C9754918}.Debug|Any CPU.Build.0 = Debug|Any CPU
		{60C72719-D780-4BC8-9198-FC21C9754918}.R0K5M320|Any CPU.ActiveCfg = Release|Any CPU
		{60C72719-D780-4BC8-9198-FC21C9754918}.R0K5M320|Any CPU.Build.0 = Release|Any CPU
		{60C72719-D780-4BC8-9198-FC21C9754918}.Release|Any CPU.ActiveCfg = Release|Any CPU
		{60C72719-D780-4BC8-9198-FC21C9754918}.Release|Any CPU.Build.0 = Release|Any CPU
		{8AB5FAC9-7CC2-4EEC-B583-39778E66CE1F}.Debug|Any CPU.ActiveCfg = Debug|Any CPU
		{8AB5FAC9-7CC2-4EEC-B583-39778E66CE1F}.Debug|Any CPU.Build.0 = Debug|Any CPU
		{8AB5FAC9-7CC2-4EEC-B583-39778E66CE1F}.R0K5M320|Any CPU.ActiveCfg = Release|Any CPU
		{8AB5FAC9-7CC2-4EEC-B583-39778E66CE1F}.R0K5M320|Any CPU.Build.0 = Release|Any CPU
		{8AB5FAC9-7CC2-4EEC-B583-39778E66CE1F}.Release|Any CPU.ActiveCfg = Release|Any CPU
		{8AB5FAC9-7CC2-4EEC-B583-39778E66CE1F}.Release|Any CPU.Build.0 = Release|Any CPU
		{FCB3BFDE-2247-4AA4-A652-F87C081B63FC}.Debug|Any CPU.ActiveCfg = Debug|Any CPU
		{FCB3BFDE-2247-4AA4-A652-F87C081B63FC}.Debug|Any CPU.Build.0 = Debug|Any CPU
		{FCB3BFDE-2247-4AA4-A652-F87C081B63FC}.R0K5M320|Any CPU.ActiveCfg = Release|Any CPU
		{FCB3BFDE-2247-4AA4-A652-F87C081B63FC}.R0K5M320|Any CPU.Build.0 = Release|Any CPU
		{FCB3BFDE-2247-4AA4-A652-F87C081B63FC}.Release|Any CPU.ActiveCfg = Release|Any CPU
		{FCB3BFDE-2247-4AA4-A652-F87C081B63FC}.Release|Any CPU.Build.0 = Release|Any CPU
		{25DDA85B-35BE-429D-81B4-025731C0E826}.Debug|Any CPU.ActiveCfg = Debug|Any CPU
		{25DDA85B-35BE-429D-81B4-025731C0E826}.Debug|Any CPU.Build.0 = Debug|Any CPU
		{25DDA85B-35BE-429D-81B4-025731C0E826}.R0K5M320|Any CPU.ActiveCfg = Release|Any CPU
		{25DDA85B-35BE-429D-81B4-025731C0E826}.R0K5M320|Any CPU.Build.0 = Release|Any CPU
		{25DDA85B-35BE-429D-81B4-025731C0E826}.Release|Any CPU.ActiveCfg = Release|Any CPU
		{25DDA85B-35BE-429D-81B4-025731C0E826}.Release|Any CPU.Build.0 = Release|Any CPU
		{553BD8CF-F4C1-4B39-97AB-42CC2F7C8187}.Debug|Any CPU.ActiveCfg = Debug|Any CPU
		{553BD8CF-F4C1-4B39-97AB-42CC2F7C8187}.Debug|Any CPU.Build.0 = Debug|Any CPU
		{553BD8CF-F4C1-4B39-97AB-42CC2F7C8187}.R0K5M320|Any CPU.ActiveCfg = Release|Any CPU
		{553BD8CF-F4C1-4B39-97AB-42CC2F7C8187}.R0K5M320|Any CPU.Build.0 = Release|Any CPU
		{553BD8CF-F4C1-4B39-97AB-42CC2F7C8187}.Release|Any CPU.ActiveCfg = Release|Any CPU
		{553BD8CF-F4C1-4B39-97AB-42CC2F7C8187}.Release|Any CPU.Build.0 = Release|Any CPU
		{AD4818FF-FEFA-48F2-A7FE-F1007D3CFBBC}.Debug|Any CPU.ActiveCfg = Debug|Any CPU
		{AD4818FF-FEFA-48F2-A7FE-F1007D3CFBBC}.Debug|Any CPU.Build.0 = Debug|Any CPU
		{AD4818FF-FEFA-48F2-A7FE-F1007D3CFBBC}.R0K5M320|Any CPU.ActiveCfg = Release|Any CPU
		{AD4818FF-FEFA-48F2-A7FE-F1007D3CFBBC}.R0K5M320|Any CPU.Build.0 = Release|Any CPU
		{AD4818FF-FEFA-48F2-A7FE-F1007D3CFBBC}.Release|Any CPU.ActiveCfg = Release|Any CPU
		{AD4818FF-FEFA-48F2-A7FE-F1007D3CFBBC}.Release|Any CPU.Build.0 = Release|Any CPU
		{5D479B0E-A1C2-4DCA-B951-EEC4838042AB}.Debug|Any CPU.ActiveCfg = Debug|Any CPU
		{5D479B0E-A1C2-4DCA-B951-EEC4838042AB}.R0K5M320|Any CPU.ActiveCfg = Release|Any CPU
		{5D479B0E-A1C2-4DCA-B951-EEC4838042AB}.R0K5M320|Any CPU.Build.0 = Release|Any CPU
		{5D479B0E-A1C2-4DCA-B951-EEC4838042AB}.Release|Any CPU.ActiveCfg = Release|Any CPU
		{5D479B0E-A1C2-4DCA-B951-EEC4838042AB}.Release|Any CPU.Build.0 = Release|Any CPU
		{31DEB747-36CA-4A92-8DF1-89EEE47A0FA4}.Debug|Any CPU.ActiveCfg = Debug|Any CPU
		{31DEB747-36CA-4A92-8DF1-89EEE47A0FA4}.Debug|Any CPU.Build.0 = Debug|Any CPU
		{31DEB747-36CA-4A92-8DF1-89EEE47A0FA4}.R0K5M320|Any CPU.ActiveCfg = Release|Any CPU
		{31DEB747-36CA-4A92-8DF1-89EEE47A0FA4}.R0K5M320|Any CPU.Build.0 = Release|Any CPU
		{31DEB747-36CA-4A92-8DF1-89EEE47A0FA4}.Release|Any CPU.ActiveCfg = Release|Any CPU
		{31DEB747-36CA-4A92-8DF1-89EEE47A0FA4}.Release|Any CPU.Build.0 = Release|Any CPU
		{32376421-A5BC-4941-AB66-D845B17B763D}.Debug|Any CPU.ActiveCfg = Debug|Any CPU
		{32376421-A5BC-4941-AB66-D845B17B763D}.R0K5M320|Any CPU.ActiveCfg = Release|Any CPU
		{32376421-A5BC-4941-AB66-D845B17B763D}.R0K5M320|Any CPU.Build.0 = Release|Any CPU
		{32376421-A5BC-4941-AB66-D845B17B763D}.Release|Any CPU.ActiveCfg = Release|Any CPU
		{32376421-A5BC-4941-AB66-D845B17B763D}.Release|Any CPU.Build.0 = Release|Any CPU
		{D5EE9CA4-EB44-44D5-8F5E-0DD4FA871856}.Debug|Any CPU.ActiveCfg = Debug|Any CPU
		{D5EE9CA4-EB44-44D5-8F5E-0DD4FA871856}.Debug|Any CPU.Build.0 = Debug|Any CPU
		{D5EE9CA4-EB44-44D5-8F5E-0DD4FA871856}.R0K5M320|Any CPU.ActiveCfg = Release|Any CPU
		{D5EE9CA4-EB44-44D5-8F5E-0DD4FA871856}.R0K5M320|Any CPU.Build.0 = Release|Any CPU
		{D5EE9CA4-EB44-44D5-8F5E-0DD4FA871856}.Release|Any CPU.ActiveCfg = Release|Any CPU
		{D5EE9CA4-EB44-44D5-8F5E-0DD4FA871856}.Release|Any CPU.Build.0 = Release|Any CPU
		{BABA9F79-55F0-4541-824B-06D869758189}.Debug|Any CPU.ActiveCfg = Debug|Any CPU
		{BABA9F79-55F0-4541-824B-06D869758189}.Debug|Any CPU.Build.0 = Debug|Any CPU
		{BABA9F79-55F0-4541-824B-06D869758189}.R0K5M320|Any CPU.ActiveCfg = Release|Any CPU
		{BABA9F79-55F0-4541-824B-06D869758189}.R0K5M320|Any CPU.Build.0 = Release|Any CPU
		{BABA9F79-55F0-4541-824B-06D869758189}.Release|Any CPU.ActiveCfg = Release|Any CPU
		{BABA9F79-55F0-4541-824B-06D869758189}.Release|Any CPU.Build.0 = Release|Any CPU
		{FEC99299-6E23-4D5A-ABEC-576675DADC88}.Debug|Any CPU.ActiveCfg = Debug|Any CPU
		{FEC99299-6E23-4D5A-ABEC-576675DADC88}.Debug|Any CPU.Build.0 = Debug|Any CPU
		{FEC99299-6E23-4D5A-ABEC-576675DADC88}.R0K5M320|Any CPU.ActiveCfg = Release|Any CPU
		{FEC99299-6E23-4D5A-ABEC-576675DADC88}.R0K5M320|Any CPU.Build.0 = Release|Any CPU
		{FEC99299-6E23-4D5A-ABEC-576675DADC88}.Release|Any CPU.ActiveCfg = Release|Any CPU
		{FEC99299-6E23-4D5A-ABEC-576675DADC88}.Release|Any CPU.Build.0 = Release|Any CPU
		{F8907550-DB44-4C9E-B3F4-539878AA6895}.Debug|Any CPU.ActiveCfg = Debug|Any CPU
		{F8907550-DB44-4C9E-B3F4-539878AA6895}.Debug|Any CPU.Build.0 = Debug|Any CPU
		{F8907550-DB44-4C9E-B3F4-539878AA6895}.R0K5M320|Any CPU.ActiveCfg = Release|Any CPU
		{F8907550-DB44-4C9E-B3F4-539878AA6895}.R0K5M320|Any CPU.Build.0 = Release|Any CPU
		{F8907550-DB44-4C9E-B3F4-539878AA6895}.Release|Any CPU.ActiveCfg = Release|Any CPU
		{F8907550-DB44-4C9E-B3F4-539878AA6895}.Release|Any CPU.Build.0 = Release|Any CPU
		{7D455C80-637B-4BDA-8F68-AE2EB3C172D1}.Debug|Any CPU.ActiveCfg = Debug|Any CPU
		{7D455C80-637B-4BDA-8F68-AE2EB3C172D1}.Debug|Any CPU.Build.0 = Debug|Any CPU
		{7D455C80-637B-4BDA-8F68-AE2EB3C172D1}.R0K5M320|Any CPU.ActiveCfg = Release|Any CPU
		{7D455C80-637B-4BDA-8F68-AE2EB3C172D1}.R0K5M320|Any CPU.Build.0 = Release|Any CPU
		{7D455C80-637B-4BDA-8F68-AE2EB3C172D1}.Release|Any CPU.ActiveCfg = Release|Any CPU
		{7D455C80-637B-4BDA-8F68-AE2EB3C172D1}.Release|Any CPU.Build.0 = Release|Any CPU
		{B88AD651-3E7D-4E1D-B1EF-CFAF4DACB484}.Debug|Any CPU.ActiveCfg = Debug|Any CPU
		{B88AD651-3E7D-4E1D-B1EF-CFAF4DACB484}.Debug|Any CPU.Build.0 = Debug|Any CPU
		{B88AD651-3E7D-4E1D-B1EF-CFAF4DACB484}.R0K5M320|Any CPU.ActiveCfg = Release|Any CPU
		{B88AD651-3E7D-4E1D-B1EF-CFAF4DACB484}.R0K5M320|Any CPU.Build.0 = Release|Any CPU
		{B88AD651-3E7D-4E1D-B1EF-CFAF4DACB484}.Release|Any CPU.ActiveCfg = Release|Any CPU
		{B88AD651-3E7D-4E1D-B1EF-CFAF4DACB484}.Release|Any CPU.Build.0 = Release|Any CPU
		{41207533-EEEB-4786-B1CB-D2AF76A79EDC}.Debug|Any CPU.ActiveCfg = Debug|Any CPU
		{41207533-EEEB-4786-B1CB-D2AF76A79EDC}.Debug|Any CPU.Build.0 = Debug|Any CPU
		{41207533-EEEB-4786-B1CB-D2AF76A79EDC}.R0K5M320|Any CPU.ActiveCfg = Release|Any CPU
		{41207533-EEEB-4786-B1CB-D2AF76A79EDC}.R0K5M320|Any CPU.Build.0 = Release|Any CPU
		{41207533-EEEB-4786-B1CB-D2AF76A79EDC}.Release|Any CPU.ActiveCfg = Release|Any CPU
		{41207533-EEEB-4786-B1CB-D2AF76A79EDC}.Release|Any CPU.Build.0 = Release|Any CPU
		{B62E80FA-0600-4CB0-913D-EC0F4484F470}.Debug|Any CPU.ActiveCfg = Debug|Any CPU
		{B62E80FA-0600-4CB0-913D-EC0F4484F470}.Debug|Any CPU.Build.0 = Debug|Any CPU
		{B62E80FA-0600-4CB0-913D-EC0F4484F470}.R0K5M320|Any CPU.ActiveCfg = Release|Any CPU
		{B62E80FA-0600-4CB0-913D-EC0F4484F470}.R0K5M320|Any CPU.Build.0 = Release|Any CPU
		{B62E80FA-0600-4CB0-913D-EC0F4484F470}.Release|Any CPU.ActiveCfg = Release|Any CPU
		{B62E80FA-0600-4CB0-913D-EC0F4484F470}.Release|Any CPU.Build.0 = Release|Any CPU
		{EC498AFB-E489-45F8-B1C5-1A987C14AF88}.Debug|Any CPU.ActiveCfg = Debug|Any CPU
		{EC498AFB-E489-45F8-B1C5-1A987C14AF88}.Debug|Any CPU.Build.0 = Debug|Any CPU
		{EC498AFB-E489-45F8-B1C5-1A987C14AF88}.R0K5M320|Any CPU.ActiveCfg = Release|Any CPU
		{EC498AFB-E489-45F8-B1C5-1A987C14AF88}.R0K5M320|Any CPU.Build.0 = Release|Any CPU
		{EC498AFB-E489-45F8-B1C5-1A987C14AF88}.Release|Any CPU.ActiveCfg = Release|Any CPU
		{EC498AFB-E489-45F8-B1C5-1A987C14AF88}.Release|Any CPU.Build.0 = Release|Any CPU
		{69594E88-1DBB-4F38-A09F-19AEB3AE0D8D}.Debug|Any CPU.ActiveCfg = Debug|Any CPU
		{69594E88-1DBB-4F38-A09F-19AEB3AE0D8D}.Debug|Any CPU.Build.0 = Debug|Any CPU
		{69594E88-1DBB-4F38-A09F-19AEB3AE0D8D}.R0K5M320|Any CPU.ActiveCfg = Release|Any CPU
		{69594E88-1DBB-4F38-A09F-19AEB3AE0D8D}.R0K5M320|Any CPU.Build.0 = Release|Any CPU
		{69594E88-1DBB-4F38-A09F-19AEB3AE0D8D}.Release|Any CPU.ActiveCfg = Release|Any CPU
		{69594E88-1DBB-4F38-A09F-19AEB3AE0D8D}.Release|Any CPU.Build.0 = Release|Any CPU
	EndGlobalSection
	GlobalSection(SolutionProperties) = preSolution
		HideSolutionNode = FALSE
	EndGlobalSection
	GlobalSection(NestedProjects) = preSolution
		{C353B695-42ED-49BD-A6B4-47E66ACE0E66} = {58EC0D04-15AD-46AB-BE9C-1B871F4BCD1A}
		{BA8754F1-4ACF-4C28-A8B3-4516C3637C36} = {ED74361A-6803-44DE-9457-391F772DE32F}
		{A25673E1-1CD4-4AEB-8B32-BF0690C70BCE} = {BA8754F1-4ACF-4C28-A8B3-4516C3637C36}
		{89A1858C-54E8-411C-BD15-838E63B79D2E} = {ED74361A-6803-44DE-9457-391F772DE32F}
		{6B24182F-50FD-4798-9B84-75B56B256412} = {ED74361A-6803-44DE-9457-391F772DE32F}
		{B39A2A19-ECEA-4F35-8579-7C0CBA88522A} = {6B24182F-50FD-4798-9B84-75B56B256412}
		{34B8B110-C095-4F3C-9AFB-4E6547134632} = {6B24182F-50FD-4798-9B84-75B56B256412}
		{32376421-A5BC-4941-AB66-D845B17B763D} = {3F649014-F98E-482A-A2FF-DBC662716BED}
	EndGlobalSection
	GlobalSection(ExtensibilityGlobals) = postSolution
		SolutionGuid = {EA11E8F2-8EA3-4120-9E0B-3AA68CFDC997}
	EndGlobalSection
EndGlobal
